{
  "version": 4,
  "terraform_version": "1.14.8",
  "serial": 32,
  "lineage": "03a35db1-7434-afeb-c6ca-51fc9d2757ec",
  "outputs": {
    "vm_public_ip": {
      "value": "172.202.199.52",
      "type": "string"
    }
  },
  "resources": [
    {
      "mode": "data",
      "type": "azurerm_resource_group",
      "name": "ahens_resource_group",
      "provider": "provider[\"registry.terraform.io/hashicorp/azurerm\"]",
      "instances": [
        {
          "schema_version": 0,
          "attributes": {
            "id": "/subscriptions/9734ed68-621d-47ed-babd-269110dbacb1/resourceGroups/1-654d4723-playground-sandbox",
            "location": "southcentralus",
            "managed_by": "",
            "name": "1-654d4723-playground-sandbox",
            "tags": {},
            "timeouts": null
          },
          "sensitive_attributes": [],
          "identity_schema_version": 0
        }
      ]
    },
    {
      "mode": "managed",
      "type": "azurerm_network_interface",
      "name": "ahens_nic",
      "provider": "provider[\"registry.terraform.io/hashicorp/azurerm\"]",
      "instances": [
        {
          "schema_version": 0,
          "attributes": {
            "accelerated_networking_enabled": false,
            "applied_dns_servers": [],
            "auxiliary_mode": "",
            "auxiliary_sku": "",
            "dns_servers": [],
            "edge_zone": "",
            "id": "/subscriptions/9734ed68-621d-47ed-babd-269110dbacb1/resourceGroups/1-654d4723-playground-sandbox/providers/Microsoft.Network/networkInterfaces/ahens-nic",
            "internal_dns_name_label": "",
            "internal_domain_name_suffix": "tv25yskuzyvujhbkfllmpjqe5b.jx.internal.cloudapp.net",
            "ip_configuration": [
              {
                "gateway_load_balancer_frontend_ip_configuration_id": "",
                "name": "testconfiguration1",
                "primary": true,
                "private_ip_address": "10.0.2.4",
                "private_ip_address_allocation": "Dynamic",
                "private_ip_address_version": "IPv4",
                "public_ip_address_id": "/subscriptions/9734ed68-621d-47ed-babd-269110dbacb1/resourceGroups/1-654d4723-playground-sandbox/providers/Microsoft.Network/publicIPAddresses/ahens-public-ip",
                "subnet_id": "/subscriptions/9734ed68-621d-47ed-babd-269110dbacb1/resourceGroups/1-654d4723-playground-sandbox/providers/Microsoft.Network/virtualNetworks/ahens-virtual-network/subnets/ahens-subnet"
              }
            ],
            "ip_forwarding_enabled": false,
            "location": "southcentralus",
            "mac_address": "60-45-BD-F7-94-C4",
            "name": "ahens-nic",
            "private_ip_address": "10.0.2.4",
            "private_ip_addresses": [
              "10.0.2.4"
            ],
            "resource_group_name": "1-654d4723-playground-sandbox",
            "tags": {},
            "timeouts": null,
            "virtual_machine_id": "/subscriptions/9734ed68-621d-47ed-babd-269110dbacb1/resourceGroups/1-654d4723-playground-sandbox/providers/Microsoft.Compute/virtualMachines/ahens-vm"
          },
          "sensitive_attributes": [],
          "identity_schema_version": 0,
          "identity": {
            "name": "ahens-nic",
            "resource_group_name": "1-654d4723-playground-sandbox",
            "subscription_id": "9734ed68-621d-47ed-babd-269110dbacb1"
          },
          "private": "eyJlMmJmYjczMC1lY2FhLTExZTYtOGY4OC0zNDM2M2JjN2M0YzAiOnsiY3JlYXRlIjoxODAwMDAwMDAwMDAwLCJkZWxldGUiOjE4MDAwMDAwMDAwMDAsInJlYWQiOjMwMDAwMDAwMDAwMCwidXBkYXRlIjoxODAwMDAwMDAwMDAwfX0=",
          "dependencies": [
            "azurerm_public_ip.ahens_public_ip",
            "azurerm_subnet.ahens_subnet",
            "azurerm_virtual_network.ahens_virtual_network",
            "data.azurerm_resource_group.ahens_resource_group"
          ]
        }
      ]
    },
    {
      "mode": "managed",
      "type": "azurerm_network_security_group",
      "name": "ahens_nsg",
      "provider": "provider[\"registry.terraform.io/hashicorp/azurerm\"]",
      "instances": [
        {
          "schema_version": 0,
          "attributes": {
            "id": "/subscriptions/9734ed68-621d-47ed-babd-269110dbacb1/resourceGroups/1-654d4723-playground-sandbox/providers/Microsoft.Network/networkSecurityGroups/ahens-nsg",
            "location": "southcentralus",
            "name": "ahens-nsg",
            "resource_group_name": "1-654d4723-playground-sandbox",
            "security_rule": [
              {
                "access": "Allow",
                "description": "",
                "destination_address_prefix": "*",
                "destination_address_prefixes": [],
                "destination_application_security_group_ids": [],
                "destination_port_range": "22",
                "destination_port_ranges": [],
                "direction": "Inbound",
                "name": "allow_ssh",
                "priority": 110,
                "protocol": "Tcp",
                "source_address_prefix": "*",
                "source_address_prefixes": [],
                "source_application_security_group_ids": [],
                "source_port_range": "*",
                "source_port_ranges": []
              },
              {
                "access": "Allow",
                "description": "",
                "destination_address_prefix": "*",
                "destination_address_prefixes": [],
                "destination_application_security_group_ids": [],
                "destination_port_range": "80",
                "destination_port_ranges": [],
                "direction": "Inbound",
                "name": "allow_http",
                "priority": 100,
                "protocol": "Tcp",
                "source_address_prefix": "*",
                "source_address_prefixes": [],
                "source_application_security_group_ids": [],
                "source_port_range": "*",
                "source_port_ranges": []
              }
            ],
            "tags": {},
            "timeouts": null
          },
          "sensitive_attributes": [],
          "identity_schema_version": 0,
          "identity": {
            "name": "ahens-nsg",
            "resource_group_name": "1-654d4723-playground-sandbox",
            "subscription_id": "9734ed68-621d-47ed-babd-269110dbacb1"
          },
          "private": "eyJlMmJmYjczMC1lY2FhLTExZTYtOGY4OC0zNDM2M2JjN2M0YzAiOnsiY3JlYXRlIjoxODAwMDAwMDAwMDAwLCJkZWxldGUiOjE4MDAwMDAwMDAwMDAsInJlYWQiOjMwMDAwMDAwMDAwMCwidXBkYXRlIjoxODAwMDAwMDAwMDAwfX0=",
          "dependencies": [
            "data.azurerm_resource_group.ahens_resource_group"
          ]
        }
      ]
    },
    {
      "mode": "managed",
      "type": "azurerm_public_ip",
      "name": "ahens_public_ip",
      "provider": "provider[\"registry.terraform.io/hashicorp/azurerm\"]",
      "instances": [
        {
          "schema_version": 0,
          "attributes": {
            "allocation_method": "Static",
            "ddos_protection_mode": "VirtualNetworkInherited",
            "ddos_protection_plan_id": null,
            "domain_name_label": "",
            "domain_name_label_scope": "",
            "edge_zone": "",
            "fqdn": "",
            "id": "/subscriptions/9734ed68-621d-47ed-babd-269110dbacb1/resourceGroups/1-654d4723-playground-sandbox/providers/Microsoft.Network/publicIPAddresses/ahens-public-ip",
            "idle_timeout_in_minutes": 4,
            "ip_address": "172.202.199.52",
            "ip_tags": null,
            "ip_version": "IPv4",
            "location": "southcentralus",
            "name": "ahens-public-ip",
            "public_ip_prefix_id": null,
            "resource_group_name": "1-654d4723-playground-sandbox",
            "reverse_fqdn": "",
            "sku": "Standard",
            "sku_tier": "Regional",
            "tags": null,
            "timeouts": null,
            "zones": null
          },
          "sensitive_attributes": [],
          "identity_schema_version": 0,
          "identity": {
            "name": "ahens-public-ip",
            "resource_group_name": "1-654d4723-playground-sandbox",
            "subscription_id": "9734ed68-621d-47ed-babd-269110dbacb1"
          },
          "private": "eyJlMmJmYjczMC1lY2FhLTExZTYtOGY4OC0zNDM2M2JjN2M0YzAiOnsiY3JlYXRlIjoxODAwMDAwMDAwMDAwLCJkZWxldGUiOjE4MDAwMDAwMDAwMDAsInJlYWQiOjMwMDAwMDAwMDAwMCwidXBkYXRlIjoxODAwMDAwMDAwMDAwfX0=",
          "dependencies": [
            "data.azurerm_resource_group.ahens_resource_group"
          ]
        }
      ]
    },
    {
      "mode": "managed",
      "type": "azurerm_subnet",
      "name": "ahens_subnet",
      "provider": "provider[\"registry.terraform.io/hashicorp/azurerm\"]",
      "instances": [
        {
          "schema_version": 0,
          "attributes": {
            "address_prefixes": [
              "10.0.2.0/24"
            ],
            "default_outbound_access_enabled": true,
            "delegation": [],
            "id": "/subscriptions/9734ed68-621d-47ed-babd-269110dbacb1/resourceGroups/1-654d4723-playground-sandbox/providers/Microsoft.Network/virtualNetworks/ahens-virtual-network/subnets/ahens-subnet",
            "ip_address_pool": [],
            "name": "ahens-subnet",
            "private_endpoint_network_policies": "Disabled",
            "private_link_service_network_policies_enabled": true,
            "resource_group_name": "1-654d4723-playground-sandbox",
            "service_endpoint_policy_ids": [],
            "service_endpoints": [],
            "sharing_scope": "",
            "timeouts": null,
            "virtual_network_name": "ahens-virtual-network"
          },
          "sensitive_attributes": [],
          "identity_schema_version": 0,
          "identity": {
            "name": "ahens-subnet",
            "resource_group_name": "1-654d4723-playground-sandbox",
            "subscription_id": "9734ed68-621d-47ed-babd-269110dbacb1",
            "virtual_network_name": "ahens-virtual-network"
          },
          "private": "eyJlMmJmYjczMC1lY2FhLTExZTYtOGY4OC0zNDM2M2JjN2M0YzAiOnsiY3JlYXRlIjoxODAwMDAwMDAwMDAwLCJkZWxldGUiOjE4MDAwMDAwMDAwMDAsInJlYWQiOjMwMDAwMDAwMDAwMCwidXBkYXRlIjoxODAwMDAwMDAwMDAwfX0=",
          "dependencies": [
            "azurerm_virtual_network.ahens_virtual_network",
            "data.azurerm_resource_group.ahens_resource_group"
          ]
        }
      ]
    },
    {
      "mode": "managed",
      "type": "azurerm_subnet_network_security_group_association",
      "name": "ahens_nsg_assoc",
      "provider": "provider[\"registry.terraform.io/hashicorp/azurerm\"]",
      "instances": [
        {
          "schema_version": 0,
          "attributes": {
            "id": "/subscriptions/9734ed68-621d-47ed-babd-269110dbacb1/resourceGroups/1-654d4723-playground-sandbox/providers/Microsoft.Network/virtualNetworks/ahens-virtual-network/subnets/ahens-subnet",
            "network_security_group_id": "/subscriptions/9734ed68-621d-47ed-babd-269110dbacb1/resourceGroups/1-654d4723-playground-sandbox/providers/Microsoft.Network/networkSecurityGroups/ahens-nsg",
            "subnet_id": "/subscriptions/9734ed68-621d-47ed-babd-269110dbacb1/resourceGroups/1-654d4723-playground-sandbox/providers/Microsoft.Network/virtualNetworks/ahens-virtual-network/subnets/ahens-subnet",
            "timeouts": null
          },
          "sensitive_attributes": [],
          "identity_schema_version": 0,
          "private": "eyJlMmJmYjczMC1lY2FhLTExZTYtOGY4OC0zNDM2M2JjN2M0YzAiOnsiY3JlYXRlIjoxODAwMDAwMDAwMDAwLCJkZWxldGUiOjE4MDAwMDAwMDAwMDAsInJlYWQiOjMwMDAwMDAwMDAwMH19",
          "dependencies": [
            "azurerm_network_security_group.ahens_nsg",
            "azurerm_subnet.ahens_subnet",
            "azurerm_virtual_network.ahens_virtual_network",
            "data.azurerm_resource_group.ahens_resource_group"
          ]
        }
      ]
    },
    {
      "mode": "managed",
      "type": "azurerm_virtual_machine",
      "name": "ahens_virtual_machine",
      "provider": "provider[\"registry.terraform.io/hashicorp/azurerm\"]",
      "instances": [
        {
          "schema_version": 0,
          "attributes": {
            "additional_capabilities": [],
            "availability_set_id": null,
            "boot_diagnostics": [],
            "delete_data_disks_on_termination": false,
            "delete_os_disk_on_termination": true,
            "id": "/subscriptions/9734ed68-621d-47ed-babd-269110dbacb1/resourceGroups/1-654d4723-playground-sandbox/providers/Microsoft.Compute/virtualMachines/ahens-vm",
            "identity": [],
            "license_type": null,
            "location": "southcentralus",
            "name": "ahens-vm",
            "network_interface_ids": [
              "/subscriptions/9734ed68-621d-47ed-babd-269110dbacb1/resourceGroups/1-654d4723-playground-sandbox/providers/Microsoft.Network/networkInterfaces/ahens-nic"
            ],
            "os_profile": [
              {
                "admin_password": "",
                "admin_username": "stellar",
                "computer_name": "ahens",
                "custom_data": ""
              }
            ],
            "os_profile_linux_config": [
              {
                "disable_password_authentication": false,
                "ssh_keys": []
              }
            ],
            "os_profile_secrets": [],
            "os_profile_windows_config": [],
            "plan": [],
            "primary_network_interface_id": null,
            "proximity_placement_group_id": null,
            "resource_group_name": "1-654d4723-playground-sandbox",
            "storage_data_disk": [],
            "storage_image_reference": [
              {
                "id": "",
                "offer": "0001-com-ubuntu-server-jammy",
                "publisher": "Canonical",
                "sku": "22_04-lts",
                "version": "latest"
              }
            ],
            "storage_os_disk": [
              {
                "caching": "ReadWrite",
                "create_option": "FromImage",
                "disk_size_gb": 30,
                "image_uri": "",
                "managed_disk_id": "/subscriptions/9734ed68-621d-47ed-babd-269110dbacb1/resourceGroups/1-654d4723-playground-sandbox/providers/Microsoft.Compute/disks/ahens-osdisk1",
                "managed_disk_type": "Standard_LRS",
                "name": "ahens-osdisk1",
                "os_type": "Linux",
                "vhd_uri": "",
                "write_accelerator_enabled": false
              }
            ],
            "tags": {
              "environment": "staging"
            },
            "timeouts": null,
            "vm_size": "Standard_DS1_v2",
            "zones": []
          },
          "sensitive_attributes": [
            [
              {
                "type": "get_attr",
                "value": "os_profile"
              }
            ]
          ],
          "identity_schema_version": 0,
          "private": "eyJlMmJmYjczMC1lY2FhLTExZTYtOGY4OC0zNDM2M2JjN2M0YzAiOnsiY3JlYXRlIjozNjAwMDAwMDAwMDAwLCJkZWxldGUiOjM2MDAwMDAwMDAwMDAsInJlYWQiOjMwMDAwMDAwMDAwMCwidXBkYXRlIjozNjAwMDAwMDAwMDAwfX0=",
          "dependencies": [
            "azurerm_network_interface.ahens_nic",
            "azurerm_public_ip.ahens_public_ip",
            "azurerm_subnet.ahens_subnet",
            "azurerm_virtual_network.ahens_virtual_network",
            "data.azurerm_resource_group.ahens_resource_group"
          ]
        }
      ]
    },
    {
      "mode": "managed",
      "type": "azurerm_virtual_network",
      "name": "ahens_virtual_network",
      "provider": "provider[\"registry.terraform.io/hashicorp/azurerm\"]",
      "instances": [
        {
          "schema_version": 0,
          "attributes": {
            "address_space": [
              "10.0.0.0/16"
            ],
            "bgp_community": "",
            "ddos_protection_plan": [],
            "dns_servers": [],
            "edge_zone": "",
            "encryption": [],
            "flow_timeout_in_minutes": 0,
            "guid": "49fc799d-ce54-442b-9c2a-2ad6c7a604f9",
            "id": "/subscriptions/9734ed68-621d-47ed-babd-269110dbacb1/resourceGroups/1-654d4723-playground-sandbox/providers/Microsoft.Network/virtualNetworks/ahens-virtual-network",
            "ip_address_pool": [],
            "location": "southcentralus",
            "name": "ahens-virtual-network",
            "private_endpoint_vnet_policies": "Disabled",
            "resource_group_name": "1-654d4723-playground-sandbox",
            "subnet": [
              {
                "address_prefixes": [
                  "10.0.2.0/24"
                ],
                "default_outbound_access_enabled": true,
                "delegation": [],
                "id": "/subscriptions/9734ed68-621d-47ed-babd-269110dbacb1/resourceGroups/1-654d4723-playground-sandbox/providers/Microsoft.Network/virtualNetworks/ahens-virtual-network/subnets/ahens-subnet",
                "name": "ahens-subnet",
                "private_endpoint_network_policies": "Disabled",
                "private_link_service_network_policies_enabled": true,
                "route_table_id": "",
                "security_group": "/subscriptions/9734ed68-621d-47ed-babd-269110dbacb1/resourceGroups/1-654d4723-playground-sandbox/providers/Microsoft.Network/networkSecurityGroups/ahens-nsg",
                "service_endpoint_policy_ids": [],
                "service_endpoints": []
              }
            ],
            "tags": {},
            "timeouts": null
          },
          "sensitive_attributes": [],
          "identity_schema_version": 0,
          "identity": {
            "name": "ahens-virtual-network",
            "resource_group_name": "1-654d4723-playground-sandbox",
            "subscription_id": "9734ed68-621d-47ed-babd-269110dbacb1"
          },
          "private": "eyJlMmJmYjczMC1lY2FhLTExZTYtOGY4OC0zNDM2M2JjN2M0YzAiOnsiY3JlYXRlIjoxODAwMDAwMDAwMDAwLCJkZWxldGUiOjE4MDAwMDAwMDAwMDAsInJlYWQiOjMwMDAwMDAwMDAwMCwidXBkYXRlIjoxODAwMDAwMDAwMDAwfX0=",
          "dependencies": [
            "data.azurerm_resource_group.ahens_resource_group"
          ]
        }
      ]
    }
  ],
  "check_results": null
}
